
Microsoft Visual Studio Solution File, Format Version 12.00
# Visual Studio Version 17
VisualStudioVersion = 17.1.32228.430
MinimumVisualStudioVersion = 10.0.40219.1
Project("{FAE04EC0-301F-11D3-BF4B-00C04F79EFBC}") = "aplic", "aplic\aplic.csproj", "{82567766-9C6E-47AE-9105-6C48ED989FD2}"
EndProject
Global
	GlobalSection(SolutionConfigurationPlatforms) = preSolution
		Debug|Any CPU = Debug|Any CPU
		Release|Any CPU = Release|Any CPU
	EndGlobalSection
	GlobalSection(ProjectConfigurationPlatforms) = postSolution
		{82567766-9C6E-47AE-9105-6C48ED989FD2}.Debug|Any CPU.ActiveCfg = Debug|Any CPU
		{82567766-9C6E-47AE-9105-6C48ED989FD2}.Debug|Any CPU.Build.0 = Debug|Any CPU
		{82567766-9C6E-47AE-9105-6C48ED989FD2}.Release|Any CPU.ActiveCfg = Release|Any CPU
		{82567766-9C6E-47AE-9105-6C48ED989FD2}.Release|Any CPU.Build.0 = Release|Any CPU
	EndGlobalSection
	GlobalSection(SolutionProperties) = preSolution
		HideSolutionNode = FALSE
	EndGlobalSection
	GlobalSection(ExtensibilityGlobals) = postSolution
		SolutionGuid = {60F6440B-33B1-4D28-9AD1-ADBAB88BEF96}
	EndGlobalSection
EndGlobal
